// !$*UTF8*$!
{
	archiveVersion = 1;
	classes = {
	};
	objectVersion = 56;
	objects = {

/* Begin PBXBuildFile section */
		1E12459E2B223AEF001F6E4E /* LocationMapAnnotationView.swift in Sources */ = {isa = PBXBuildFile; fileRef = 1E12459D2B223AEF001F6E4E /* LocationMapAnnotationView.swift */; };
		1E1245A02B223E65001F6E4E /* LocationDetailView.swift in Sources */ = {isa = PBXBuildFile; fileRef = 1E12459F2B223E65001F6E4E /* LocationDetailView.swift */; };
		1E15FAE72B150DDD007C6567 /* FirebaseFirestore in Frameworks */ = {isa = PBXBuildFile; productRef = 1E15FAE62B150DDD007C6567 /* FirebaseFirestore */; };
		1E4C28FD2B1FA4A600FBA9F3 /* LocationPreviewView.swift in Sources */ = {isa = PBXBuildFile; fileRef = 1E4C28FC2B1FA4A600FBA9F3 /* LocationPreviewView.swift */; };
		1EF0F02D2B18FE0D0036D223 /* LocationListView.swift in Sources */ = {isa = PBXBuildFile; fileRef = 1EF0F02C2B18FE0D0036D223 /* LocationListView.swift */; };
		837E28F12B01BCEA008FFF68 /* UniVerseApp.swift in Sources */ = {isa = PBXBuildFile; fileRef = 837E28F02B01BCEA008FFF68 /* UniVerseApp.swift */; };
		837E28F32B01BCEA008FFF68 /* ContentView.swift in Sources */ = {isa = PBXBuildFile; fileRef = 837E28F22B01BCEA008FFF68 /* ContentView.swift */; };
		837E28F82B01BCED008FFF68 /* Preview Assets.xcassets in Resources */ = {isa = PBXBuildFile; fileRef = 837E28F72B01BCED008FFF68 /* Preview Assets.xcassets */; };
		837E28FF2B01BD8E008FFF68 /* Assets.xcassets in Resources */ = {isa = PBXBuildFile; fileRef = 837E28FE2B01BD8E008FFF68 /* Assets.xcassets */; };
		837E29072B01C151008FFF68 /* Location.swift in Sources */ = {isa = PBXBuildFile; fileRef = 837E29062B01C151008FFF68 /* Location.swift */; };
		837E290A2B01C26F008FFF68 /* LocationsDataService.swift in Sources */ = {isa = PBXBuildFile; fileRef = 837E29092B01C26F008FFF68 /* LocationsDataService.swift */; };
		837E290C2B058F2B008FFF68 /* LocationView.swift in Sources */ = {isa = PBXBuildFile; fileRef = 837E290B2B058F2B008FFF68 /* LocationView.swift */; };
		837E290E2B0591F8008FFF68 /* LocationsViewModel.swift in Sources */ = {isa = PBXBuildFile; fileRef = 837E290D2B0591F8008FFF68 /* LocationsViewModel.swift */; };
		FC4867022B0BD6560098E45A /* GoogleService-Info.plist in Resources */ = {isa = PBXBuildFile; fileRef = FC4867012B0BD6560098E45A /* GoogleService-Info.plist */; };
		FC4867052B0BD73B0098E45A /* FirebaseAnalytics in Frameworks */ = {isa = PBXBuildFile; productRef = FC4867042B0BD73B0098E45A /* FirebaseAnalytics */; };
		FC4867072B0BD73B0098E45A /* FirebaseAnalyticsSwift in Frameworks */ = {isa = PBXBuildFile; productRef = FC4867062B0BD73B0098E45A /* FirebaseAnalyticsSwift */; };
		FCE138692B0D341B006CA1E3 /* FirebaseService.swift in Sources */ = {isa = PBXBuildFile; fileRef = FCE138682B0D341B006CA1E3 /* FirebaseService.swift */; };
/* End PBXBuildFile section */

/* Begin PBXFileReference section */
		1E12459D2B223AEF001F6E4E /* LocationMapAnnotationView.swift */ = {isa = PBXFileReference; lastKnownFileType = sourcecode.swift; path = LocationMapAnnotationView.swift; sourceTree = "<group>"; };
		1E12459F2B223E65001F6E4E /* LocationDetailView.swift */ = {isa = PBXFileReference; lastKnownFileType = sourcecode.swift; path = LocationDetailView.swift; sourceTree = "<group>"; };
		1E4C28FC2B1FA4A600FBA9F3 /* LocationPreviewView.swift */ = {isa = PBXFileReference; lastKnownFileType = sourcecode.swift; path = LocationPreviewView.swift; sourceTree = "<group>"; };
		1EF0F02C2B18FE0D0036D223 /* LocationListView.swift */ = {isa = PBXFileReference; lastKnownFileType = sourcecode.swift; path = LocationListView.swift; sourceTree = "<group>"; };
		837E28ED2B01BCEA008FFF68 /* UniVerse.app */ = {isa = PBXFileReference; explicitFileType = wrapper.application; includeInIndex = 0; path = UniVerse.app; sourceTree = BUILT_PRODUCTS_DIR; };
		837E28F02B01BCEA008FFF68 /* UniVerseApp.swift */ = {isa = PBXFileReference; lastKnownFileType = sourcecode.swift; path = UniVerseApp.swift; sourceTree = "<group>"; };
		837E28F22B01BCEA008FFF68 /* ContentView.swift */ = {isa = PBXFileReference; lastKnownFileType = sourcecode.swift; path = ContentView.swift; sourceTree = "<group>"; };
		837E28F72B01BCED008FFF68 /* Preview Assets.xcassets */ = {isa = PBXFileReference; lastKnownFileType = folder.assetcatalog; path = "Preview Assets.xcassets"; sourceTree = "<group>"; };
		837E28FE2B01BD8E008FFF68 /* Assets.xcassets */ = {isa = PBXFileReference; lastKnownFileType = folder.assetcatalog; path = Assets.xcassets; sourceTree = "<group>"; };
		837E29062B01C151008FFF68 /* Location.swift */ = {isa = PBXFileReference; lastKnownFileType = sourcecode.swift; path = Location.swift; sourceTree = "<group>"; };
		837E29092B01C26F008FFF68 /* LocationsDataService.swift */ = {isa = PBXFileReference; fileEncoding = 4; lastKnownFileType = sourcecode.swift; path = LocationsDataService.swift; sourceTree = "<group>"; };
		837E290B2B058F2B008FFF68 /* LocationView.swift */ = {isa = PBXFileReference; lastKnownFileType = sourcecode.swift; path = LocationView.swift; sourceTree = "<group>"; };
		837E290D2B0591F8008FFF68 /* LocationsViewModel.swift */ = {isa = PBXFileReference; lastKnownFileType = sourcecode.swift; path = LocationsViewModel.swift; sourceTree = "<group>"; };
		FC4867012B0BD6560098E45A /* GoogleService-Info.plist */ = {isa = PBXFileReference; fileEncoding = 4; lastKnownFileType = text.plist.xml; path = "GoogleService-Info.plist"; sourceTree = "<group>"; };
		FCE138682B0D341B006CA1E3 /* FirebaseService.swift */ = {isa = PBXFileReference; lastKnownFileType = sourcecode.swift; path = FirebaseService.swift; sourceTree = "<group>"; };
/* End PBXFileReference section */

/* Begin PBXFrameworksBuildPhase section */
		837E28EA2B01BCEA008FFF68 /* Frameworks */ = {
			isa = PBXFrameworksBuildPhase;
			buildActionMask = 2147483647;
			files = (
				FC4867072B0BD73B0098E45A /* FirebaseAnalyticsSwift in Frameworks */,
				FC4867052B0BD73B0098E45A /* FirebaseAnalytics in Frameworks */,
				1E15FAE72B150DDD007C6567 /* FirebaseFirestore in Frameworks */,
			);
			runOnlyForDeploymentPostprocessing = 0;
		};
/* End PBXFrameworksBuildPhase section */

/* Begin PBXGroup section */
		1E15FAE52B150DDD007C6567 /* Frameworks */ = {
			isa = PBXGroup;
			children = (
			);
			name = Frameworks;
			sourceTree = "<group>";
		};
		837E28E42B01BCEA008FFF68 = {
			isa = PBXGroup;
			children = (
				837E28EF2B01BCEA008FFF68 /* UniVerse */,
				837E28EE2B01BCEA008FFF68 /* Products */,
				1E15FAE52B150DDD007C6567 /* Frameworks */,
			);
			sourceTree = "<group>";
		};
		837E28EE2B01BCEA008FFF68 /* Products */ = {
			isa = PBXGroup;
			children = (
				837E28ED2B01BCEA008FFF68 /* UniVerse.app */,
			);
			name = Products;
			sourceTree = "<group>";
		};
		837E28EF2B01BCEA008FFF68 /* UniVerse */ = {
			isa = PBXGroup;
			children = (
				837E28F02B01BCEA008FFF68 /* UniVerseApp.swift */,
				837E28F22B01BCEA008FFF68 /* ContentView.swift */,
				FC4867012B0BD6560098E45A /* GoogleService-Info.plist */,
				837E29082B01C243008FFF68 /* DataServices */,
				837E29012B01C067008FFF68 /* Views */,
				837E29052B01C0F0008FFF68 /* ViewModels */,
				837E29002B01C062008FFF68 /* Models */,
				837E28FE2B01BD8E008FFF68 /* Assets.xcassets */,
				837E28F62B01BCED008FFF68 /* Preview Content */,
			);
			path = UniVerse;
			sourceTree = "<group>";
		};
		837E28F62B01BCED008FFF68 /* Preview Content */ = {
			isa = PBXGroup;
			children = (
				837E28F72B01BCED008FFF68 /* Preview Assets.xcassets */,
			);
			path = "Preview Content";
			sourceTree = "<group>";
		};
		837E29002B01C062008FFF68 /* Models */ = {
			isa = PBXGroup;
			children = (
				837E29062B01C151008FFF68 /* Location.swift */,
			);
			path = Models;
			sourceTree = "<group>";
		};
		837E29012B01C067008FFF68 /* Views */ = {
			isa = PBXGroup;
			children = (
				837E290B2B058F2B008FFF68 /* LocationView.swift */,
				1EF0F02C2B18FE0D0036D223 /* LocationListView.swift */,
				1E4C28FC2B1FA4A600FBA9F3 /* LocationPreviewView.swift */,
				1E12459D2B223AEF001F6E4E /* LocationMapAnnotationView.swift */,
				1E12459F2B223E65001F6E4E /* LocationDetailView.swift */,
			);
			path = Views;
			sourceTree = "<group>";
		};
		837E29052B01C0F0008FFF68 /* ViewModels */ = {
			isa = PBXGroup;
			children = (
				837E290D2B0591F8008FFF68 /* LocationsViewModel.swift */,
			);
			path = ViewModels;
			sourceTree = "<group>";
		};
		837E29082B01C243008FFF68 /* DataServices */ = {
			isa = PBXGroup;
			children = (
				837E29092B01C26F008FFF68 /* LocationsDataService.swift */,
				FCE138682B0D341B006CA1E3 /* FirebaseService.swift */,
			);
			path = DataServices;
			sourceTree = "<group>";
		};
/* End PBXGroup section */

/* Begin PBXNativeTarget section */
		837E28EC2B01BCEA008FFF68 /* UniVerse */ = {
			isa = PBXNativeTarget;
			buildConfigurationList = 837E28FB2B01BCED008FFF68 /* Build configuration list for PBXNativeTarget "UniVerse" */;
			buildPhases = (
				837E28E92B01BCEA008FFF68 /* Sources */,
				837E28EA2B01BCEA008FFF68 /* Frameworks */,
				837E28EB2B01BCEA008FFF68 /* Resources */,
			);
			buildRules = (
			);
			dependencies = (
			);
			name = UniVerse;
			packageProductDependencies = (
				FC4867042B0BD73B0098E45A /* FirebaseAnalytics */,
				FC4867062B0BD73B0098E45A /* FirebaseAnalyticsSwift */,
				1E15FAE62B150DDD007C6567 /* FirebaseFirestore */,
			);
			productName = UniVerse;
			productReference = 837E28ED2B01BCEA008FFF68 /* UniVerse.app */;
			productType = "com.apple.product-type.application";
		};
/* End PBXNativeTarget section */

/* Begin PBXProject section */
		837E28E52B01BCEA008FFF68 /* Project object */ = {
			isa = PBXProject;
			attributes = {
				BuildIndependentTargetsInParallel = 1;
				LastSwiftUpdateCheck = 1500;
				LastUpgradeCheck = 1500;
				TargetAttributes = {
					837E28EC2B01BCEA008FFF68 = {
						CreatedOnToolsVersion = 15.0.1;
					};
				};
			};
			buildConfigurationList = 837E28E82B01BCEA008FFF68 /* Build configuration list for PBXProject "UniVerse" */;
			compatibilityVersion = "Xcode 14.0";
			developmentRegion = en;
			hasScannedForEncodings = 0;
			knownRegions = (
				en,
				Base,
			);
			mainGroup = 837E28E42B01BCEA008FFF68;
			packageReferences = (
				FC4867032B0BD73B0098E45A /* XCRemoteSwiftPackageReference "firebase-ios-sdk" */,
			);
			productRefGroup = 837E28EE2B01BCEA008FFF68 /* Products */;
			projectDirPath = "";
			projectRoot = "";
			targets = (
				837E28EC2B01BCEA008FFF68 /* UniVerse */,
			);
		};
/* End PBXProject section */

/* Begin PBXResourcesBuildPhase section */
		837E28EB2B01BCEA008FFF68 /* Resources */ = {
			isa = PBXResourcesBuildPhase;
			buildActionMask = 2147483647;
			files = (
				837E28FF2B01BD8E008FFF68 /* Assets.xcassets in Resources */,
				837E28F82B01BCED008FFF68 /* Preview Assets.xcassets in Resources */,
				FC4867022B0BD6560098E45A /* GoogleService-Info.plist in Resources */,
			);
			runOnlyForDeploymentPostprocessing = 0;
		};
/* End PBXResourcesBuildPhase section */

/* Begin PBXSourcesBuildPhase section */
		837E28E92B01BCEA008FFF68 /* Sources */ = {
			isa = PBXSourcesBuildPhase;
			buildActionMask = 2147483647;
			files = (
				837E290A2B01C26F008FFF68 /* LocationsDataService.swift in Sources */,
				1E12459E2B223AEF001F6E4E /* LocationMapAnnotationView.swift in Sources */,
				1E1245A02B223E65001F6E4E /* LocationDetailView.swift in Sources */,
				1EF0F02D2B18FE0D0036D223 /* LocationListView.swift in Sources */,
				837E290E2B0591F8008FFF68 /* LocationsViewModel.swift in Sources */,
				837E28F32B01BCEA008FFF68 /* ContentView.swift in Sources */,
				1E4C28FD2B1FA4A600FBA9F3 /* LocationPreviewView.swift in Sources */,
				837E290C2B058F2B008FFF68 /* LocationView.swift in Sources */,
				FCE138692B0D341B006CA1E3 /* FirebaseService.swift in Sources */,
				837E29072B01C151008FFF68 /* Location.swift in Sources */,
				837E28F12B01BCEA008FFF68 /* UniVerseApp.swift in Sources */,
			);
			runOnlyForDeploymentPostprocessing = 0;
		};
/* End PBXSourcesBuildPhase section */

/* Begin XCBuildConfiguration section */
		837E28F92B01BCED008FFF68 /* Debug */ = {
			isa = XCBuildConfiguration;
			buildSettings = {
				ALWAYS_SEARCH_USER_PATHS = NO;
				ASSETCATALOG_COMPILER_GENERATE_SWIFT_ASSET_SYMBOL_EXTENSIONS = YES;
				CLANG_ANALYZER_NONNULL = YES;
				CLANG_ANALYZER_NUMBER_OBJECT_CONVERSION = YES_AGGRESSIVE;
				CLANG_CXX_LANGUAGE_STANDARD = "gnu++20";
				CLANG_ENABLE_MODULES = YES;
				CLANG_ENABLE_OBJC_ARC = YES;
				CLANG_ENABLE_OBJC_WEAK = YES;
				CLANG_WARN_BLOCK_CAPTURE_AUTORELEASING = YES;
				CLANG_WARN_BOOL_CONVERSION = YES;
				CLANG_WARN_COMMA = YES;
				CLANG_WARN_CONSTANT_CONVERSION = YES;
				CLANG_WARN_DEPRECATED_OBJC_IMPLEMENTATIONS = YES;
				CLANG_WARN_DIRECT_OBJC_ISA_USAGE = YES_ERROR;
				CLANG_WARN_DOCUMENTATION_COMMENTS = YES;
				CLANG_WARN_EMPTY_BODY = YES;
				CLANG_WARN_ENUM_CONVERSION = YES;
				CLANG_WARN_INFINITE_RECURSION = YES;
				CLANG_WARN_INT_CONVERSION = YES;
				CLANG_WARN_NON_LITERAL_NULL_CONVERSION = YES;
				CLANG_WARN_OBJC_IMPLICIT_RETAIN_SELF = YES;
				CLANG_WARN_OBJC_LITERAL_CONVERSION = YES;
				CLANG_WARN_OBJC_ROOT_CLASS = YES_ERROR;
				CLANG_WARN_QUOTED_INCLUDE_IN_FRAMEWORK_HEADER = YES;
				CLANG_WARN_RANGE_LOOP_ANALYSIS = YES;
				CLANG_WARN_STRICT_PROTOTYPES = YES;
				CLANG_WARN_SUSPICIOUS_MOVE = YES;
				CLANG_WARN_UNGUARDED_AVAILABILITY = YES_AGGRESSIVE;
				CLANG_WARN_UNREACHABLE_CODE = YES;
				CLANG_WARN__DUPLICATE_METHOD_MATCH = YES;
				COPY_PHASE_STRIP = NO;
				DEBUG_INFORMATION_FORMAT = dwarf;
				ENABLE_STRICT_OBJC_MSGSEND = YES;
				ENABLE_TESTABILITY = YES;
				ENABLE_USER_SCRIPT_SANDBOXING = YES;
				GCC_C_LANGUAGE_STANDARD = gnu17;
				GCC_DYNAMIC_NO_PIC = NO;
				GCC_NO_COMMON_BLOCKS = YES;
				GCC_OPTIMIZATION_LEVEL = 0;
				GCC_PREPROCESSOR_DEFINITIONS = (
					"DEBUG=1",
					"$(inherited)",
				);
				GCC_WARN_64_TO_32_BIT_CONVERSION = YES;
				GCC_WARN_ABOUT_RETURN_TYPE = YES_ERROR;
				GCC_WARN_UNDECLARED_SELECTOR = YES;
				GCC_WARN_UNINITIALIZED_AUTOS = YES_AGGRESSIVE;
				GCC_WARN_UNUSED_FUNCTION = YES;
				GCC_WARN_UNUSED_VARIABLE = YES;
				IPHONEOS_DEPLOYMENT_TARGET = 17.0;
				LOCALIZATION_PREFERS_STRING_CATALOGS = YES;
				MTL_ENABLE_DEBUG_INFO = INCLUDE_SOURCE;
				MTL_FAST_MATH = YES;
				ONLY_ACTIVE_ARCH = YES;
				SDKROOT = iphoneos;
				SWIFT_ACTIVE_COMPILATION_CONDITIONS = "DEBUG $(inherited)";
				SWIFT_OPTIMIZATION_LEVEL = "-Onone";
			};
			name = Debug;
		};
		837E28FA2B01BCED008FFF68 /* Release */ = {
			isa = XCBuildConfiguration;
			buildSettings = {
				ALWAYS_SEARCH_USER_PATHS = NO;
				ASSETCATALOG_COMPILER_GENERATE_SWIFT_ASSET_SYMBOL_EXTENSIONS = YES;
				CLANG_ANALYZER_NONNULL = YES;
				CLANG_ANALYZER_NUMBER_OBJECT_CONVERSION = YES_AGGRESSIVE;
				CLANG_CXX_LANGUAGE_STANDARD = "gnu++20";
				CLANG_ENABLE_MODULES = YES;
				CLANG_ENABLE_OBJC_ARC = YES;
				CLANG_ENABLE_OBJC_WEAK = YES;
				CLANG_WARN_BLOCK_CAPTURE_AUTORELEASING = YES;
				CLANG_WARN_BOOL_CONVERSION = YES;
				CLANG_WARN_COMMA = YES;
				CLANG_WARN_CONSTANT_CONVERSION = YES;
				CLANG_WARN_DEPRECATED_OBJC_IMPLEMENTATIONS = YES;
				CLANG_WARN_DIRECT_OBJC_ISA_USAGE = YES_ERROR;
				CLANG_WARN_DOCUMENTATION_COMMENTS = YES;
				CLANG_WARN_EMPTY_BODY = YES;
				CLANG_WARN_ENUM_CONVERSION = YES;
				CLANG_WARN_INFINITE_RECURSION = YES;
				CLANG_WARN_INT_CONVERSION = YES;
				CLANG_WARN_NON_LITERAL_NULL_CONVERSION = YES;
				CLANG_WARN_OBJC_IMPLICIT_RETAIN_SELF = YES;
				CLANG_WARN_OBJC_LITERAL_CONVERSION = YES;
				CLANG_WARN_OBJC_ROOT_CLASS = YES_ERROR;
				CLANG_WARN_QUOTED_INCLUDE_IN_FRAMEWORK_HEADER = YES;
				CLANG_WARN_RANGE_LOOP_ANALYSIS = YES;
				CLANG_WARN_STRICT_PROTOTYPES = YES;
				CLANG_WARN_SUSPICIOUS_MOVE = YES;
				CLANG_WARN_UNGUARDED_AVAILABILITY = YES_AGGRESSIVE;
				CLANG_WARN_UNREACHABLE_CODE = YES;
				CLANG_WARN__DUPLICATE_METHOD_MATCH = YES;
				COPY_PHASE_STRIP = NO;
				DEBUG_INFORMATION_FORMAT = "dwarf-with-dsym";
				ENABLE_NS_ASSERTIONS = NO;
				ENABLE_STRICT_OBJC_MSGSEND = YES;
				ENABLE_USER_SCRIPT_SANDBOXING = YES;
				GCC_C_LANGUAGE_STANDARD = gnu17;
				GCC_NO_COMMON_BLOCKS = YES;
				GCC_WARN_64_TO_32_BIT_CONVERSION = YES;
				GCC_WARN_ABOUT_RETURN_TYPE = YES_ERROR;
				GCC_WARN_UNDECLARED_SELECTOR = YES;
				GCC_WARN_UNINITIALIZED_AUTOS = YES_AGGRESSIVE;
				GCC_WARN_UNUSED_FUNCTION = YES;
				GCC_WARN_UNUSED_VARIABLE = YES;
				IPHONEOS_DEPLOYMENT_TARGET = 17.0;
				LOCALIZATION_PREFERS_STRING_CATALOGS = YES;
				MTL_ENABLE_DEBUG_INFO = NO;
				MTL_FAST_MATH = YES;
				SDKROOT = iphoneos;
				SWIFT_COMPILATION_MODE = wholemodule;
				VALIDATE_PRODUCT = YES;
			};
			name = Release;
		};
		837E28FC2B01BCED008FFF68 /* Debug */ = {
			isa = XCBuildConfiguration;
			buildSettings = {
				ASSETCATALOG_COMPILER_APPICON_NAME = AppIcon;
				ASSETCATALOG_COMPILER_GLOBAL_ACCENT_COLOR_NAME = AccentColor;
				CODE_SIGN_STYLE = Automatic;
				CURRENT_PROJECT_VERSION = 1;
				DEVELOPMENT_ASSET_PATHS = "\"UniVerse/Preview Content\"";
				DEVELOPMENT_TEAM = J5356ZUHYV;
				ENABLE_PREVIEWS = YES;
				GENERATE_INFOPLIST_FILE = YES;
				INFOPLIST_KEY_UIApplicationSceneManifest_Generation = YES;
				INFOPLIST_KEY_UIApplicationSupportsIndirectInputEvents = YES;
				INFOPLIST_KEY_UILaunchScreen_Generation = YES;
				INFOPLIST_KEY_UISupportedInterfaceOrientations_iPad = "UIInterfaceOrientationPortrait UIInterfaceOrientationPortraitUpsideDown UIInterfaceOrientationLandscapeLeft UIInterfaceOrientationLandscapeRight";
				INFOPLIST_KEY_UISupportedInterfaceOrientations_iPhone = "UIInterfaceOrientationPortrait UIInterfaceOrientationLandscapeLeft UIInterfaceOrientationLandscapeRight";
				LD_RUNPATH_SEARCH_PATHS = (
					"$(inherited)",
					"@executable_path/Frameworks",
				);
				MARKETING_VERSION = 1.0;
				PRODUCT_BUNDLE_IDENTIFIER = skidmorerec.UniVerse;
				PRODUCT_NAME = "$(TARGET_NAME)";
				SWIFT_EMIT_LOC_STRINGS = YES;
				SWIFT_VERSION = 5.0;
				TARGETED_DEVICE_FAMILY = "1,2";
			};
			name = Debug;
		};
		837E28FD2B01BCED008FFF68 /* Release */ = {
			isa = XCBuildConfiguration;
			buildSettings = {
				ASSETCATALOG_COMPILER_APPICON_NAME = AppIcon;
				ASSETCATALOG_COMPILER_GLOBAL_ACCENT_COLOR_NAME = AccentColor;
				CODE_SIGN_STYLE = Automatic;
				CURRENT_PROJECT_VERSION = 1;
				DEVELOPMENT_ASSET_PATHS = "\"UniVerse/Preview Content\"";
				DEVELOPMENT_TEAM = J5356ZUHYV;
				ENABLE_PREVIEWS = YES;
				GENERATE_INFOPLIST_FILE = YES;
				INFOPLIST_KEY_UIApplicationSceneManifest_Generation = YES;
				INFOPLIST_KEY_UIApplicationSupportsIndirectInputEvents = YES;
				INFOPLIST_KEY_UILaunchScreen_Generation = YES;
				INFOPLIST_KEY_UISupportedInterfaceOrientations_iPad = "UIInterfaceOrientationPortrait UIInterfaceOrientationPortraitUpsideDown UIInterfaceOrientationLandscapeLeft UIInterfaceOrientationLandscapeRight";
				INFOPLIST_KEY_UISupportedInterfaceOrientations_iPhone = "UIInterfaceOrientationPortrait UIInterfaceOrientationLandscapeLeft UIInterfaceOrientationLandscapeRight";
				LD_RUNPATH_SEARCH_PATHS = (
					"$(inherited)",
					"@executable_path/Frameworks",
				);
				MARKETING_VERSION = 1.0;
				PRODUCT_BUNDLE_IDENTIFIER = skidmorerec.UniVerse;
				PRODUCT_NAME = "$(TARGET_NAME)";
				SWIFT_EMIT_LOC_STRINGS = YES;
				SWIFT_VERSION = 5.0;
				TARGETED_DEVICE_FAMILY = "1,2";
			};
			name = Release;
		};
/* End XCBuildConfiguration section */

/* Begin XCConfigurationList section */
		837E28E82B01BCEA008FFF68 /* Build configuration list for PBXProject "UniVerse" */ = {
			isa = XCConfigurationList;
			buildConfigurations = (
				837E28F92B01BCED008FFF68 /* Debug */,
				837E28FA2B01BCED008FFF68 /* Release */,
			);
			defaultConfigurationIsVisible = 0;
			defaultConfigurationName = Release;
		};
		837E28FB2B01BCED008FFF68 /* Build configuration list for PBXNativeTarget "UniVerse" */ = {
			isa = XCConfigurationList;
			buildConfigurations = (
				837E28FC2B01BCED008FFF68 /* Debug */,
				837E28FD2B01BCED008FFF68 /* Release */,
			);
			defaultConfigurationIsVisible = 0;
			defaultConfigurationName = Release;
		};
/* End XCConfigurationList section */

/* Begin XCRemoteSwiftPackageReference section */
		FC4867032B0BD73B0098E45A /* XCRemoteSwiftPackageReference "firebase-ios-sdk" */ = {
			isa = XCRemoteSwiftPackageReference;
			repositoryURL = "https://github.com/firebase/firebase-ios-sdk";
			requirement = {
				kind = exactVersion;
				version = 10.18.0;
			};
		};
/* End XCRemoteSwiftPackageReference section */

/* Begin XCSwiftPackageProductDependency section */
		1E15FAE62B150DDD007C6567 /* FirebaseFirestore */ = {
			isa = XCSwiftPackageProductDependency;
			package = FC4867032B0BD73B0098E45A /* XCRemoteSwiftPackageReference "firebase-ios-sdk" */;
			productName = FirebaseFirestore;
		};
		FC4867042B0BD73B0098E45A /* FirebaseAnalytics */ = {
			isa = XCSwiftPackageProductDependency;
			package = FC4867032B0BD73B0098E45A /* XCRemoteSwiftPackageReference "firebase-ios-sdk" */;
			productName = FirebaseAnalytics;
		};
		FC4867062B0BD73B0098E45A /* FirebaseAnalyticsSwift */ = {
			isa = XCSwiftPackageProductDependency;
			package = FC4867032B0BD73B0098E45A /* XCRemoteSwiftPackageReference "firebase-ios-sdk" */;
			productName = FirebaseAnalyticsSwift;
		};
/* End XCSwiftPackageProductDependency section */
	};
	rootObject = 837E28E52B01BCEA008FFF68 /* Project object */;
}
